
Microsoft Visual Studio Solution File, Format Version 12.00
# Visual Studio 2012
Project("{FAE04EC0-301F-11D3-BF4B-00C04F79EFBC}") = "ParkLottery", "ParkLottery\ParkLottery.csproj", "{F65C5619-B6DD-4BF2-9EFD-F9C618174A5F}"
EndProject
Global
	GlobalSection(SolutionConfigurationPlatforms) = preSolution
		Debug|Any CPU = Debug|Any CPU
		Release|Any CPU = Release|Any CPU
	EndGlobalSection
	GlobalSection(ProjectConfigurationPlatforms) = postSolution
		{F65C5619-B6DD-4BF2-9EFD-F9C618174A5F}.Debug|Any CPU.ActiveCfg = Debug|Any CPU
		{F65C5619-B6DD-4BF2-9EFD-F9C618174A5F}.Debug|Any CPU.Build.0 = Debug|Any CPU
		{F65C5619-B6DD-4BF2-9EFD-F9C618174A5F}.Release|Any CPU.ActiveCfg = Release|Any CPU
		{F65C5619-B6DD-4BF2-9EFD-F9C618174A5F}.Release|Any CPU.Build.0 = Release|Any CPU
	EndGlobalSection
	GlobalSection(SolutionProperties) = preSolution
		HideSolutionNode = FALSE
	EndGlobalSection
EndGlobal
